{
  "name": "Emacs",
  "lockfileVersion": 3,
  "requires": true,
  "packages": {
    "": {
      "dependencies": {
        "claude-code": "^1.0.0",
        "upgrade": "^1.1.0"
      }
    },
    "node_modules/claude-code": {
      "version": "1.0.0",
      "resolved": "https://registry.npmjs.org/claude-code/-/claude-code-1.0.0.tgz",
      "integrity": "sha512-x5z3ZlQBRcd3fX5MtiC19kzVxonaY6/Ligbjedp21TlQ/m7FuiQHNsegiZVmOoY6a5BmqdMYTUI3dRj3RtnlGQ==",
      "license": "MIT",
      "bin": {
        "claude-code": "index.js"
      }
    },
    "node_modules/upgrade": {
      "version": "1.1.0",
      "resolved": "https://registry.npmjs.org/upgrade/-/upgrade-1.1.0.tgz",
      "integrity": "sha512-NtkVvqVCqsJo5U3mYRum2Tw6uCltOxfIJ/AfTZeTmw6U39IB5X23xF+kRZ9aiPaORqeiQQ7Q209/ibhOvxzwHA==",
      "license": "MIT"
    }
  }
}
